{
  "name": "server",
  "version": "1.0.0",
  "lockfileVersion": 1,
  "requires": true,
  "dependencies": {
    "async-limiter": {
      "version": "1.0.0",
      "resolved": "https://registry.npmjs.org/async-limiter/-/async-limiter-1.0.0.tgz",
      "integrity": "sha512-jp/uFnooOiO+L211eZOoSyzpOITMXx1rBITauYykG3BRYPu8h0UcxsPNB04RR5vo4Tyz3+ay17tR6JVf9qzYWg==",
      "dev": true
    },
    "debug": {
      "version": "2.6.9",
      "resolved": "http://registry.npm.taobao.org/debug/download/debug-2.6.9.tgz",
      "integrity": "sha1-XRKFFd8TT/Mn6QpMk/Tgd6U2NB8=",
      "dev": true,
      "requires": {
        "ms": "2.0.0"
      }
    },
    "is-typedarray": {
      "version": "1.0.0",
      "resolved": "http://registry.npm.taobao.org/is-typedarray/download/is-typedarray-1.0.0.tgz",
      "integrity": "sha1-5HnICFjfDBsR3dppQPlgEfzaSpo=",
      "dev": true
    },
    "ms": {
      "version": "2.0.0",
      "resolved": "http://registry.npm.taobao.org/ms/download/ms-2.0.0.tgz",
      "integrity": "sha1-VgiurfwAvmwpAd9fmGF4jeDVl8g=",
      "dev": true
    },
    "nan": {
      "version": "2.8.0",
      "resolved": "http://registry.npm.taobao.org/nan/download/nan-2.8.0.tgz",
      "integrity": "sha1-7XFfP+neArV6XmJS2QqWZ14fCFo=",
      "dev": true
    },
    "safe-buffer": {
      "version": "5.1.1",
      "resolved": "https://registry.npmjs.org/safe-buffer/-/safe-buffer-5.1.1.tgz",
      "integrity": "sha512-kKvNJn6Mm93gAczWVJg7wH+wGYWNrDHdWvpUmHyEsgCtIwwo3bqPtV4tR5tuPaUhTOo/kvhVwd8XwwOllGYkbg==",
      "dev": true
    },
    "typedarray-to-buffer": {
      "version": "3.1.2",
      "resolved": "http://registry.npm.taobao.org/typedarray-to-buffer/download/typedarray-to-buffer-3.1.2.tgz",
      "integrity": "sha1-EBezLZhP9VbroQD1AViauhrOLgQ=",
      "dev": true,
      "requires": {
        "is-typedarray": "1.0.0"
      }
    },
    "ultron": {
      "version": "1.1.1",
      "resolved": "https://registry.npmjs.org/ultron/-/ultron-1.1.1.tgz",
      "integrity": "sha512-UIEXBNeYmKptWH6z8ZnqTeS8fV74zG0/eRU9VGkpzz+LIJNs8W/zM/L+7ctCkRrgbNnnR0xxw4bKOr0cW0N0Og==",
      "dev": true
    },
    "websocket": {
      "version": "1.0.25",
      "resolved": "http://registry.npm.taobao.org/websocket/download/websocket-1.0.25.tgz",
      "integrity": "sha1-mY7HkPCj6suLCLUKQ1ACZpKhGVg=",
      "dev": true,
      "requires": {
        "debug": "2.6.9",
        "nan": "2.8.0",
        "typedarray-to-buffer": "3.1.2",
        "yaeti": "0.0.6"
      }
    },
    "ws": {
      "version": "4.0.0",
      "resolved": "https://registry.npmjs.org/ws/-/ws-4.0.0.tgz",
      "integrity": "sha512-QYslsH44bH8O7/W2815u5DpnCpXWpEK44FmaHffNwgJI4JMaSZONgPBTOfrxJ29mXKbXak+LsJ2uAkDTYq2ptQ==",
      "dev": true,
      "requires": {
        "async-limiter": "1.0.0",
        "safe-buffer": "5.1.1",
        "ultron": "1.1.1"
      }
    },
    "yaeti": {
      "version": "0.0.6",
      "resolved": "http://registry.npm.taobao.org/yaeti/download/yaeti-0.0.6.tgz",
      "integrity": "sha1-8m9ITXJoTPQr7ft2lwqhYI+/lXc=",
      "dev": true
    }
  }
}
